{
  "name": "squaredev-next-online-payments-example",
  "version": "0.1.0",
  "lockfileVersion": 2,
  "requires": true,
  "packages": {
    "": {
      "name": "squaredev-next-online-payments-example",
      "version": "0.1.0",
      "dependencies": {
        "next": "^14.1.0",
        "react": "^18.2.0",
        "react-dom": "^18.2.0",
        "react-square-web-payments-sdk": "^3.2.1",
        "square": "^32.0.0"
      },
      "devDependencies": {
        "@types/node": "20.8.9",
        "@types/react": "18.2.33"
      }
    },
    "node_modules/@apimatic/authentication-adapters": {
      "version": "0.5.1",
      "resolved": "https://registry.npmjs.org/@apimatic/authentication-adapters/-/authentication-adapters-0.5.1.tgz",
      "integrity": "sha512-UHGTQXRIBpyGVM/3JSmPceIOpDHIBnz044b2tXlDP4Sh3lMeyoMcToXT72fWg6DI9N3EG4U141o7oIu8dKe/Eg==",
      "dependencies": {
        "@apimatic/core-interfaces": "^0.2.0",
        "@apimatic/http-headers": "^0.3.0",
        "@apimatic/http-query": "^0.3.0",
        "tslib": "^2.1.0"
      },
      "engines": {
        "node": ">=14.15.0 || >=16.0.0"
      }
    },
    "node_modules/@apimatic/axios-client-adapter": {
      "version": "0.2.2",
      "resolved": "https://registry.npmjs.org/@apimatic/axios-client-adapter/-/axios-client-adapter-0.2.2.tgz",
      "integrity": "sha512-cbMd/CiIUmbtYpHjQgptptkeeWWko8MtuOI5rJfqxL/ElYI0ABSytdO5fuT4Q+hXQHQrkPRgL2z9yUMRoFEARg==",
      "dependencies": {
        "@apimatic/convert-to-stream": "^0.1.0",
        "@apimatic/core-interfaces": "^0.2.0",
        "@apimatic/file-wrapper": "^0.3.0",
        "@apimatic/http-headers": "^0.3.0",
        "@apimatic/http-query": "^0.3.0",
        "@apimatic/json-bigint": "^1.2.0",
        "@apimatic/schema": "^0.7.0",
        "axios": "^0.21.1",
        "detect-browser": "^5.3.0",
        "detect-node": "^2.0.4",
        "form-data": "^3.0.0",
        "lodash.flatmap": "^4.5.0",
        "tiny-warning": "^1.0.3",
        "tslib": "^2.1.0"
      },
      "engines": {
        "node": ">=14.15.0 || >=16.0.0"
      }
    },
    "node_modules/@apimatic/convert-to-stream": {
      "version": "0.1.0",
      "resolved": "https://registry.npmjs.org/@apimatic/convert-to-stream/-/convert-to-stream-0.1.0.tgz",
      "integrity": "sha512-yVwPBnUhFD0X+veZ9KaVXBv/9svSB41GOp51Y5W+tMM316fXFQRC8jlc3XONRabQ2QWfwCz7iLtdABL41VXRcA==",
      "engines": {
        "node": ">=14.15.0 || >=16.0.0"
      }
    },
    "node_modules/@apimatic/core": {
      "version": "0.10.2",
      "resolved": "https://registry.npmjs.org/@apimatic/core/-/core-0.10.2.tgz",
      "integrity": "sha512-KPoeHmFnaMJHU1itJV0PwiQnMauI9WI2tPnCyrpOucyHupirH8JqtAKcYD5AVRoL9hKSCiFwTKd9pX9glVJgKQ==",
      "dependencies": {
        "@apimatic/convert-to-stream": "^0.0.2",
        "@apimatic/core-interfaces": "^0.2.0",
        "@apimatic/file-wrapper": "^0.3.0",
        "@apimatic/http-headers": "^0.3.0",
        "@apimatic/http-query": "^0.3.0",
        "@apimatic/json-bigint": "^1.2.0",
        "@apimatic/schema": "^0.7.0",
        "axios": "^0.21.1",
        "detect-browser": "^5.3.0",
        "detect-node": "^2.0.4",
        "form-data": "^3.0.0",
        "json-ptr": "^3.1.0",
        "lodash.flatmap": "^4.5.0",
        "tiny-warning": "^1.0.3",
        "tslib": "^2.1.0"
      },
      "engines": {
        "node": ">=14.15.0 || >=16.0.0"
      }
    },
    "node_modules/@apimatic/core-interfaces": {
      "version": "0.2.2",
      "resolved": "https://registry.npmjs.org/@apimatic/core-interfaces/-/core-interfaces-0.2.2.tgz",
      "integrity": "sha512-SFy74jNUfYFk47UyO4gZOB5IT+xxn8m2sMo99461d7i6OTIeYxD5uI2X2LNB97CqhKu+xCku9FgBMGgKDI9wNQ==",
      "dependencies": {
        "@apimatic/file-wrapper": "^0.3.0",
        "tslib": "^2.1.0"
      },
      "engines": {
        "node": ">=14.15.0 || >=16.0.0"
      }
    },
    "node_modules/@apimatic/core/node_modules/@apimatic/convert-to-stream": {
      "version": "0.0.2",
      "resolved": "https://registry.npmjs.org/@apimatic/convert-to-stream/-/convert-to-stream-0.0.2.tgz",
      "integrity": "sha512-1DRg17ItExfMYsXwjt6WIjJSCgV5RGg3fHPLgYD44/YmiU+7suWj7YfPKKUqmNcnJ/AvMh4lG1+tHrfOT01zXw==",
      "engines": {
        "node": ">=10.4.0"
      }
    },
    "node_modules/@apimatic/file-wrapper": {
      "version": "0.3.1",
      "resolved": "https://registry.npmjs.org/@apimatic/file-wrapper/-/file-wrapper-0.3.1.tgz",
      "integrity": "sha512-RUJe0fNO/b7vgH0jFjMgyRqBILNQ4kYZcZz8cxd3DODjKBT0R+jS6IU1KIDOTj2lJFdvPmIuPUOJbilKI2eAmA==",
      "dependencies": {
        "tslib": "^2.1.0"
      },
      "engines": {
        "node": ">=14.15.0 || >=16.0.0"
      }
    },
    "node_modules/@apimatic/http-headers": {
      "version": "0.3.1",
      "resolved": "https://registry.npmjs.org/@apimatic/http-headers/-/http-headers-0.3.1.tgz",
      "integrity": "sha512-q5cmRHbSnweet2FFW4NSTZaVPdmVZLJJTUFdMs3dJON+tw2WcH2bNprORi26DrYBE0Dz/4u1Fip5uqRvBYNULA==",
      "dependencies": {
        "tslib": "^2.1.0"
      },
      "engines": {
        "node": ">=14.15.0 || >=16.0.0"
      }
    },
    "node_modules/@apimatic/http-query": {
      "version": "0.3.1",
      "resolved": "https://registry.npmjs.org/@apimatic/http-query/-/http-query-0.3.1.tgz",
      "integrity": "sha512-YC/dFTX35Q3XWuVbTgEFsQVmpVJlmSrfhI7TBuiUTSlex0uPi3cBQejnLPq0+thpCbGifaL/J+bRbngBO3Kt3Q==",
      "dependencies": {
        "@apimatic/file-wrapper": "^0.3.0",
        "tslib": "^2.1.0"
      },
      "engines": {
        "node": ">=14.15.0 || >=16.0.0"
      }
    },
    "node_modules/@apimatic/json-bigint": {
      "version": "1.2.0",
      "resolved": "https://registry.npmjs.org/@apimatic/json-bigint/-/json-bigint-1.2.0.tgz",
      "integrity": "sha512-+bmVzYMdZu0Ya5L+my4FXFUih54OvQA/qlZsFOYdOoostyUuB27UDrVWQs/WVCmS0ADdo5vTU0eeTrrBkHoySw=="
    },
    "node_modules/@apimatic/schema": {
      "version": "0.7.3",
      "resolved": "https://registry.npmjs.org/@apimatic/schema/-/schema-0.7.3.tgz",
      "integrity": "sha512-4XXbKftMyhgoUu/l9kaW6c0fBVBUUkAcXDIZWrLJsgGGpfOxTZbNNJaliF5W631vFpc4w0Mg/2EE7DHQbskSSg==",
      "dependencies": {
        "tslib": "^2.1.0"
      },
      "engines": {
        "node": ">=14.15.0 || >=16.0.0"
      }
    },
    "node_modules/@next/env": {
      "version": "14.1.0",
      "resolved": "https://registry.npmjs.org/@next/env/-/env-14.1.0.tgz",
      "integrity": "sha512-Py8zIo+02ht82brwwhTg36iogzFqGLPXlRGKQw5s+qP/kMNc4MAyDeEwBKDijk6zTIbegEgu8Qy7C1LboslQAw=="
    },
    "node_modules/@next/swc-darwin-arm64": {
      "version": "14.1.0",
      "resolved": "https://registry.npmjs.org/@next/swc-darwin-arm64/-/swc-darwin-arm64-14.1.0.tgz",
      "integrity": "sha512-nUDn7TOGcIeyQni6lZHfzNoo9S0euXnu0jhsbMOmMJUBfgsnESdjN97kM7cBqQxZa8L/bM9om/S5/1dzCrW6wQ==",
      "cpu": [
        "arm64"
      ],
      "optional": true,
      "os": [
        "darwin"
      ],
      "engines": {
        "node": ">= 10"
      }
    },
    "node_modules/@next/swc-darwin-x64": {
      "version": "14.1.0",
      "resolved": "https://registry.npmjs.org/@next/swc-darwin-x64/-/swc-darwin-x64-14.1.0.tgz",
      "integrity": "sha512-1jgudN5haWxiAl3O1ljUS2GfupPmcftu2RYJqZiMJmmbBT5M1XDffjUtRUzP4W3cBHsrvkfOFdQ71hAreNQP6g==",
      "cpu": [
        "x64"
      ],
      "optional": true,
      "os": [
        "darwin"
      ],
      "engines": {
        "node": ">= 10"
      }
    },
    "node_modules/@next/swc-linux-arm64-gnu": {
      "version": "14.1.0",
      "resolved": "https://registry.npmjs.org/@next/swc-linux-arm64-gnu/-/swc-linux-arm64-gnu-14.1.0.tgz",
      "integrity": "sha512-RHo7Tcj+jllXUbK7xk2NyIDod3YcCPDZxj1WLIYxd709BQ7WuRYl3OWUNG+WUfqeQBds6kvZYlc42NJJTNi4tQ==",
      "cpu": [
        "arm64"
      ],
      "optional": true,
      "os": [
        "linux"
      ],
      "engines": {
        "node": ">= 10"
      }
    },
    "node_modules/@next/swc-linux-arm64-musl": {
      "version": "14.1.0",
      "resolved": "https://registry.npmjs.org/@next/swc-linux-arm64-musl/-/swc-linux-arm64-musl-14.1.0.tgz",
      "integrity": "sha512-v6kP8sHYxjO8RwHmWMJSq7VZP2nYCkRVQ0qolh2l6xroe9QjbgV8siTbduED4u0hlk0+tjS6/Tuy4n5XCp+l6g==",
      "cpu": [
        "arm64"
      ],
      "optional": true,
      "os": [
        "linux"
      ],
      "engines": {
        "node": ">= 10"
      }
    },
    "node_modules/@next/swc-linux-x64-gnu": {
      "version": "14.1.0",
      "resolved": "https://registry.npmjs.org/@next/swc-linux-x64-gnu/-/swc-linux-x64-gnu-14.1.0.tgz",
      "integrity": "sha512-zJ2pnoFYB1F4vmEVlb/eSe+VH679zT1VdXlZKX+pE66grOgjmKJHKacf82g/sWE4MQ4Rk2FMBCRnX+l6/TVYzQ==",
      "cpu": [
        "x64"
      ],
      "optional": true,
      "os": [
        "linux"
      ],
      "engines": {
        "node": ">= 10"
      }
    },
    "node_modules/@next/swc-linux-x64-musl": {
      "version": "14.1.0",
      "resolved": "https://registry.npmjs.org/@next/swc-linux-x64-musl/-/swc-linux-x64-musl-14.1.0.tgz",
      "integrity": "sha512-rbaIYFt2X9YZBSbH/CwGAjbBG2/MrACCVu2X0+kSykHzHnYH5FjHxwXLkcoJ10cX0aWCEynpu+rP76x0914atg==",
      "cpu": [
        "x64"
      ],
      "optional": true,
      "os": [
        "linux"
      ],
      "engines": {
        "node": ">= 10"
      }
    },
    "node_modules/@next/swc-win32-arm64-msvc": {
      "version": "14.1.0",
      "resolved": "https://registry.npmjs.org/@next/swc-win32-arm64-msvc/-/swc-win32-arm64-msvc-14.1.0.tgz",
      "integrity": "sha512-o1N5TsYc8f/HpGt39OUQpQ9AKIGApd3QLueu7hXk//2xq5Z9OxmV6sQfNp8C7qYmiOlHYODOGqNNa0e9jvchGQ==",
      "cpu": [
        "arm64"
      ],
      "optional": true,
      "os": [
        "win32"
      ],
      "engines": {
        "node": ">= 10"
      }
    },
    "node_modules/@next/swc-win32-ia32-msvc": {
      "version": "14.1.0",
      "resolved": "https://registry.npmjs.org/@next/swc-win32-ia32-msvc/-/swc-win32-ia32-msvc-14.1.0.tgz",
      "integrity": "sha512-XXIuB1DBRCFwNO6EEzCTMHT5pauwaSj4SWs7CYnME57eaReAKBXCnkUE80p/pAZcewm7hs+vGvNqDPacEXHVkw==",
      "cpu": [
        "ia32"
      ],
      "optional": true,
      "os": [
        "win32"
      ],
      "engines": {
        "node": ">= 10"
      }
    },
    "node_modules/@next/swc-win32-x64-msvc": {
      "version": "14.1.0",
      "resolved": "https://registry.npmjs.org/@next/swc-win32-x64-msvc/-/swc-win32-x64-msvc-14.1.0.tgz",
      "integrity": "sha512-9WEbVRRAqJ3YFVqEZIxUqkiO8l1nool1LmNxygr5HWF8AcSYsEpneUDhmjUVJEzO2A04+oPtZdombzzPPkTtgg==",
      "cpu": [
        "x64"
      ],
      "optional": true,
      "os": [
        "win32"
      ],
      "engines": {
        "node": ">= 10"
      }
    },
    "node_modules/@square/web-payments-sdk-types": {
      "version": "1.54.0",
      "resolved": "https://registry.npmjs.org/@square/web-payments-sdk-types/-/web-payments-sdk-types-1.54.0.tgz",
      "integrity": "sha512-FIZxOzTXfejrXr1O8NQrmEsCLAsiRmQapwe1gjBISpbEQjY+/63TDI4inO1IJpOery4wRrGCZM+u30LpgEk3pg==",
      "dependencies": {
        "typescript": "^4.9.5"
      }
    },
    "node_modules/@square/web-sdk": {
      "version": "2.0.1",
      "resolved": "https://registry.npmjs.org/@square/web-sdk/-/web-sdk-2.0.1.tgz",
      "integrity": "sha512-m+pauPLJUHO4qzBNKlHRMe+qDAhQdbEd7g/v/SW8BWZARwJC0liHB4AnVAJuM/7JMFEPiT2ZO3SRt1VQsCeoYg==",
      "dependencies": {
        "@square/web-payments-sdk-types": "^1.1.1"
      },
      "engines": {
        "node": "^12.20.0 || ^14.13.1 || >=16.0.0"
      }
    },
    "node_modules/@stitches/react": {
      "version": "1.2.8",
      "resolved": "https://registry.npmjs.org/@stitches/react/-/react-1.2.8.tgz",
      "integrity": "sha512-9g9dWI4gsSVe8bNLlb+lMkBYsnIKCZTmvqvDG+Avnn69XfmHZKiaMrx7cgTaddq7aTPPmXiTsbFcUy0xgI4+wA==",
      "peerDependencies": {
        "react": ">= 16.3.0"
      }
    },
    "node_modules/@swc/helpers": {
      "version": "0.5.2",
      "license": "Apache-2.0",
      "dependencies": {
        "tslib": "^2.4.0"
      }
    },
    "node_modules/@types/node": {
      "version": "20.8.9",
      "resolved": "https://registry.npmjs.org/@types/node/-/node-20.8.9.tgz",
      "integrity": "sha512-UzykFsT3FhHb1h7yD4CA4YhBHq545JC0YnEz41xkipN88eKQtL6rSgocL5tbAP6Ola9Izm/Aw4Ora8He4x0BHg==",
      "dev": true,
      "dependencies": {
        "undici-types": "~5.26.4"
      }
    },
    "node_modules/@types/prop-types": {
      "version": "15.7.9",
      "resolved": "https://registry.npmjs.org/@types/prop-types/-/prop-types-15.7.9.tgz",
      "integrity": "sha512-n1yyPsugYNSmHgxDFjicaI2+gCNjsBck8UX9kuofAKlc0h1bL+20oSF72KeNaW2DUlesbEVCFgyV2dPGTiY42g==",
      "dev": true
    },
    "node_modules/@types/react": {
      "version": "18.2.33",
      "resolved": "https://registry.npmjs.org/@types/react/-/react-18.2.33.tgz",
      "integrity": "sha512-v+I7S+hu3PIBoVkKGpSYYpiBT1ijqEzWpzQD62/jm4K74hPpSP7FF9BnKG6+fg2+62weJYkkBWDJlZt5JO/9hg==",
      "dev": true,
      "dependencies": {
        "@types/prop-types": "*",
        "@types/scheduler": "*",
        "csstype": "^3.0.2"
      }
    },
    "node_modules/@types/scheduler": {
      "version": "0.16.5",
      "resolved": "https://registry.npmjs.org/@types/scheduler/-/scheduler-0.16.5.tgz",
      "integrity": "sha512-s/FPdYRmZR8SjLWGMCuax7r3qCWQw9QKHzXVukAuuIJkXkDRwp+Pu5LMIVFi0Fxbav35WURicYr8u1QsoybnQw==",
      "dev": true
    },
    "node_modules/asynckit": {
      "version": "0.4.0",
      "resolved": "https://registry.npmjs.org/asynckit/-/asynckit-0.4.0.tgz",
      "integrity": "sha512-Oei9OH4tRh0YqU3GxhX79dM/mwVgvbZJaSNaRk+bshkj0S5cfHcgYakreBjrHwatXKbz+IoIdYLxrKim2MjW0Q=="
    },
    "node_modules/axios": {
      "version": "0.21.4",
      "resolved": "https://registry.npmjs.org/axios/-/axios-0.21.4.tgz",
      "integrity": "sha512-ut5vewkiu8jjGBdqpM44XxjuCjq9LAKeHVmoVfHVzy8eHgxxq8SbAVQNovDA8mVi05kP0Ea/n/UzcSHcTJQfNg==",
      "dependencies": {
        "follow-redirects": "^1.14.0"
      }
    },
    "node_modules/busboy": {
      "version": "1.6.0",
      "dependencies": {
        "streamsearch": "^1.1.0"
      },
      "engines": {
        "node": ">=10.16.0"
      }
    },
    "node_modules/caniuse-lite": {
      "version": "1.0.30001579",
      "resolved": "https://registry.npmjs.org/caniuse-lite/-/caniuse-lite-1.0.30001579.tgz",
      "integrity": "sha512-u5AUVkixruKHJjw/pj9wISlcMpgFWzSrczLZbrqBSxukQixmg0SJ5sZTpvaFvxU0HoQKd4yoyAogyrAz9pzJnA==",
      "funding": [
        {
          "type": "opencollective",
          "url": "https://opencollective.com/browserslist"
        },
        {
          "type": "tidelift",
          "url": "https://tidelift.com/funding/github/npm/caniuse-lite"
        },
        {
          "type": "github",
          "url": "https://github.com/sponsors/ai"
        }
      ]
    },
    "node_modules/client-only": {
      "version": "0.0.1",
      "license": "MIT"
    },
    "node_modules/combined-stream": {
      "version": "1.0.8",
      "resolved": "https://registry.npmjs.org/combined-stream/-/combined-stream-1.0.8.tgz",
      "integrity": "sha512-FQN4MRfuJeHf7cBbBMJFXhKSDq+2kAArBlmRBvcvFE5BB1HZKXtSFASDhdlz9zOYwxh8lDdnvmMOe/+5cdoEdg==",
      "dependencies": {
        "delayed-stream": "~1.0.0"
      },
      "engines": {
        "node": ">= 0.8"
      }
    },
    "node_modules/csstype": {
      "version": "3.1.2",
      "resolved": "https://registry.npmjs.org/csstype/-/csstype-3.1.2.tgz",
      "integrity": "sha512-I7K1Uu0MBPzaFKg4nI5Q7Vs2t+3gWWW648spaF+Rg7pI9ds18Ugn+lvg4SHczUdKlHI5LWBXyqfS8+DufyBsgQ==",
      "dev": true
    },
    "node_modules/delayed-stream": {
      "version": "1.0.0",
      "resolved": "https://registry.npmjs.org/delayed-stream/-/delayed-stream-1.0.0.tgz",
      "integrity": "sha512-ZySD7Nf91aLB0RxL4KGrKHBXl7Eds1DAmEdcoVawXnLD7SDhpNgtuII2aAkg7a7QS41jxPSZ17p4VdGnMHk3MQ==",
      "engines": {
        "node": ">=0.4.0"
      }
    },
    "node_modules/detect-browser": {
      "version": "5.3.0",
      "resolved": "https://registry.npmjs.org/detect-browser/-/detect-browser-5.3.0.tgz",
      "integrity": "sha512-53rsFbGdwMwlF7qvCt0ypLM5V5/Mbl0szB7GPN8y9NCcbknYOeVVXdrXEq+90IwAfrrzt6Hd+u2E2ntakICU8w=="
    },
    "node_modules/detect-node": {
      "version": "2.1.0",
      "resolved": "https://registry.npmjs.org/detect-node/-/detect-node-2.1.0.tgz",
      "integrity": "sha512-T0NIuQpnTvFDATNuHN5roPwSBG83rFsuO+MXXH9/3N1eFbn4wcPjttvjMLEPWJ0RGUYgQE7cGgS3tNxbqCGM7g=="
    },
    "node_modules/follow-redirects": {
      "version": "1.15.3",
      "resolved": "https://registry.npmjs.org/follow-redirects/-/follow-redirects-1.15.3.tgz",
      "integrity": "sha512-1VzOtuEM8pC9SFU1E+8KfTjZyMztRsgEfwQl44z8A25uy13jSzTj6dyK2Df52iV0vgHCfBwLhDWevLn95w5v6Q==",
      "funding": [
        {
          "type": "individual",
          "url": "https://github.com/sponsors/RubenVerborgh"
        }
      ],
      "engines": {
        "node": ">=4.0"
      },
      "peerDependenciesMeta": {
        "debug": {
          "optional": true
        }
      }
    },
    "node_modules/form-data": {
      "version": "3.0.1",
      "resolved": "https://registry.npmjs.org/form-data/-/form-data-3.0.1.tgz",
      "integrity": "sha512-RHkBKtLWUVwd7SqRIvCZMEvAMoGUp0XU+seQiZejj0COz3RI3hWP4sCv3gZWWLjJTd7rGwcsF5eKZGii0r/hbg==",
      "dependencies": {
        "asynckit": "^0.4.0",
        "combined-stream": "^1.0.8",
        "mime-types": "^2.1.12"
      },
      "engines": {
        "node": ">= 6"
      }
    },
    "node_modules/graceful-fs": {
      "version": "4.2.11",
      "resolved": "https://registry.npmjs.org/graceful-fs/-/graceful-fs-4.2.11.tgz",
      "integrity": "sha512-RbJ5/jmFcNNCcDV5o9eTnBLJ/HszWV0P73bc+Ff4nS/rJj+YaS6IGyiOL0VoBYX+l1Wrl3k63h/KrH+nhJ0XvQ=="
    },
    "node_modules/js-tokens": {
      "version": "4.0.0",
      "license": "MIT"
    },
    "node_modules/json-ptr": {
      "version": "3.1.1",
      "resolved": "https://registry.npmjs.org/json-ptr/-/json-ptr-3.1.1.tgz",
      "integrity": "sha512-SiSJQ805W1sDUCD1+/t1/1BIrveq2Fe9HJqENxZmMCILmrPI7WhS/pePpIOx85v6/H2z1Vy7AI08GV2TzfXocg=="
    },
    "node_modules/lodash.flatmap": {
      "version": "4.5.0",
      "resolved": "https://registry.npmjs.org/lodash.flatmap/-/lodash.flatmap-4.5.0.tgz",
      "integrity": "sha512-/OcpcAGWlrZyoHGeHh3cAoa6nGdX6QYtmzNP84Jqol6UEQQ2gIaU3H+0eICcjcKGl0/XF8LWOujNn9lffsnaOg=="
    },
    "node_modules/loose-envify": {
      "version": "1.4.0",
      "license": "MIT",
      "dependencies": {
        "js-tokens": "^3.0.0 || ^4.0.0"
      },
      "bin": {
        "loose-envify": "cli.js"
      }
    },
    "node_modules/mime-db": {
      "version": "1.52.0",
      "resolved": "https://registry.npmjs.org/mime-db/-/mime-db-1.52.0.tgz",
      "integrity": "sha512-sPU4uV7dYlvtWJxwwxHD0PuihVNiE7TyAbQ5SWxDCB9mUYvOgroQOwYQQOKPJ8CIbE+1ETVlOoK1UC2nU3gYvg==",
      "engines": {
        "node": ">= 0.6"
      }
    },
    "node_modules/mime-types": {
      "version": "2.1.35",
      "resolved": "https://registry.npmjs.org/mime-types/-/mime-types-2.1.35.tgz",
      "integrity": "sha512-ZDY+bPm5zTTF+YpCrAU9nK0UgICYPT0QtT1NZWFv4s++TNkcgVaT0g6+4R2uI4MjQjzysHB1zxuWL50hzaeXiw==",
      "dependencies": {
        "mime-db": "1.52.0"
      },
      "engines": {
        "node": ">= 0.6"
      }
    },
    "node_modules/nanoid": {
      "version": "3.3.7",
      "resolved": "https://registry.npmjs.org/nanoid/-/nanoid-3.3.7.tgz",
      "integrity": "sha512-eSRppjcPIatRIMC1U6UngP8XFcz8MQWGQdt1MTBQ7NaAmvXDfvNxbvWV3x2y6CdEUciCSsDHDQZbhYaB8QEo2g==",
      "funding": [
        {
          "type": "github",
          "url": "https://github.com/sponsors/ai"
        }
      ],
      "bin": {
        "nanoid": "bin/nanoid.cjs"
      },
      "engines": {
        "node": "^10 || ^12 || ^13.7 || ^14 || >=15.0.1"
      }
    },
    "node_modules/next": {
      "version": "14.1.0",
      "resolved": "https://registry.npmjs.org/next/-/next-14.1.0.tgz",
      "integrity": "sha512-wlzrsbfeSU48YQBjZhDzOwhWhGsy+uQycR8bHAOt1LY1bn3zZEcDyHQOEoN3aWzQ8LHCAJ1nqrWCc9XF2+O45Q==",
      "dependencies": {
        "@next/env": "14.1.0",
        "@swc/helpers": "0.5.2",
        "busboy": "1.6.0",
        "caniuse-lite": "^1.0.30001579",
        "graceful-fs": "^4.2.11",
        "postcss": "8.4.31",
        "styled-jsx": "5.1.1"
      },
      "bin": {
        "next": "dist/bin/next"
      },
      "engines": {
        "node": ">=18.17.0"
      },
      "optionalDependencies": {
        "@next/swc-darwin-arm64": "14.1.0",
        "@next/swc-darwin-x64": "14.1.0",
        "@next/swc-linux-arm64-gnu": "14.1.0",
        "@next/swc-linux-arm64-musl": "14.1.0",
        "@next/swc-linux-x64-gnu": "14.1.0",
        "@next/swc-linux-x64-musl": "14.1.0",
        "@next/swc-win32-arm64-msvc": "14.1.0",
        "@next/swc-win32-ia32-msvc": "14.1.0",
        "@next/swc-win32-x64-msvc": "14.1.0"
      },
      "peerDependencies": {
        "@opentelemetry/api": "^1.1.0",
        "react": "^18.2.0",
        "react-dom": "^18.2.0",
        "sass": "^1.3.0"
      },
      "peerDependenciesMeta": {
        "@opentelemetry/api": {
          "optional": true
        },
        "sass": {
          "optional": true
        }
      }
    },
    "node_modules/picocolors": {
      "version": "1.0.0",
      "resolved": "https://registry.npmjs.org/picocolors/-/picocolors-1.0.0.tgz",
      "integrity": "sha512-1fygroTLlHu66zi26VoTDv8yRgm0Fccecssto+MhsZ0D/DGW2sm8E8AjW7NU5VVTRt5GxbeZ5qBuJr+HyLYkjQ=="
    },
    "node_modules/postcss": {
      "version": "8.4.31",
      "resolved": "https://registry.npmjs.org/postcss/-/postcss-8.4.31.tgz",
      "integrity": "sha512-PS08Iboia9mts/2ygV3eLpY5ghnUcfLV/EXTOW1E2qYxJKGGBUtNjN76FYHnMs36RmARn41bC0AZmn+rR0OVpQ==",
      "funding": [
        {
          "type": "opencollective",
          "url": "https://opencollective.com/postcss/"
        },
        {
          "type": "tidelift",
          "url": "https://tidelift.com/funding/github/npm/postcss"
        },
        {
          "type": "github",
          "url": "https://github.com/sponsors/ai"
        }
      ],
      "dependencies": {
        "nanoid": "^3.3.6",
        "picocolors": "^1.0.0",
        "source-map-js": "^1.0.2"
      },
      "engines": {
        "node": "^10 || ^12 || >=14"
      }
    },
    "node_modules/react": {
      "version": "18.2.0",
      "resolved": "https://registry.npmjs.org/react/-/react-18.2.0.tgz",
      "integrity": "sha512-/3IjMdb2L9QbBdWiW5e3P2/npwMBaU9mHCSCUzNln0ZCYbcfTsGbTJrU/kGemdH2IWmB2ioZ+zkxtmq6g09fGQ==",
      "dependencies": {
        "loose-envify": "^1.1.0"
      },
      "engines": {
        "node": ">=0.10.0"
      }
    },
    "node_modules/react-dom": {
      "version": "18.2.0",
      "resolved": "https://registry.npmjs.org/react-dom/-/react-dom-18.2.0.tgz",
      "integrity": "sha512-6IMTriUmvsjHUjNtEDudZfuDQUoWXVxKHhlEGSk81n4YFS+r/Kl99wXiwlVXtPBtJenozv2P+hxDsw9eA7Xo6g==",
      "dependencies": {
        "loose-envify": "^1.1.0",
        "scheduler": "^0.23.0"
      },
      "peerDependencies": {
        "react": "^18.2.0"
      }
    },
    "node_modules/react-square-web-payments-sdk": {
      "version": "3.2.1",
      "resolved": "https://registry.npmjs.org/react-square-web-payments-sdk/-/react-square-web-payments-sdk-3.2.1.tgz",
      "integrity": "sha512-XhW4snpCfUNaVqS652dDWSWJd+r9OftkqmvP9hix5ISEV8Foo9QrGDe33t1w+uMIl9ox1EWlexGb0yDe8ZYamQ==",
      "dependencies": {
        "@square/web-sdk": "^2.0.0",
        "@stitches/react": "^1.2.8"
      },
      "peerDependencies": {
        "react": "^16 || ^17 || ^18"
      }
    },
    "node_modules/scheduler": {
      "version": "0.23.0",
      "license": "MIT",
      "dependencies": {
        "loose-envify": "^1.1.0"
      }
    },
    "node_modules/source-map-js": {
      "version": "1.0.2",
      "resolved": "https://registry.npmjs.org/source-map-js/-/source-map-js-1.0.2.tgz",
      "integrity": "sha512-R0XvVJ9WusLiqTCEiGCmICCMplcCkIwwR11mOSD9CR5u+IXYdiseeEuXCVAjS54zqwkLcPNnmU4OeJ6tUrWhDw==",
      "engines": {
        "node": ">=0.10.0"
      }
    },
    "node_modules/square": {
      "version": "32.0.0",
      "resolved": "https://registry.npmjs.org/square/-/square-32.0.0.tgz",
      "integrity": "sha512-5s2BFQiIVqjRHzUmznVp9/dssJcazyrxSFpX3HnDZTLQiB3jaTIustpoPsMuOm38Wg2dNuisfkeOuc8xYj/Wzw==",
      "dependencies": {
        "@apimatic/authentication-adapters": "^0.5.0",
        "@apimatic/axios-client-adapter": "^0.2.0",
        "@apimatic/core": "^0.10.0",
        "@apimatic/json-bigint": "^1.2.0",
        "@apimatic/schema": "^0.7.0",
        "@types/node": "^14.14.30"
      },
      "engines": {
        "node": ">=14.17.0"
      }
    },
    "node_modules/square/node_modules/@types/node": {
      "version": "14.18.63",
      "resolved": "https://registry.npmjs.org/@types/node/-/node-14.18.63.tgz",
      "integrity": "sha512-fAtCfv4jJg+ExtXhvCkCqUKZ+4ok/JQk01qDKhL5BDDoS3AxKXhV5/MAVUZyQnSEd2GT92fkgZl0pz0Q0AzcIQ=="
    },
    "node_modules/streamsearch": {
      "version": "1.1.0",
      "engines": {
        "node": ">=10.0.0"
      }
    },
    "node_modules/styled-jsx": {
      "version": "5.1.1",
      "license": "MIT",
      "dependencies": {
        "client-only": "0.0.1"
      },
      "engines": {
        "node": ">= 12.0.0"
      },
      "peerDependencies": {
        "react": ">= 16.8.0 || 17.x.x || ^18.0.0-0"
      },
      "peerDependenciesMeta": {
        "@babel/core": {
          "optional": true
        },
        "babel-plugin-macros": {
          "optional": true
        }
      }
    },
    "node_modules/tiny-warning": {
      "version": "1.0.3",
      "resolved": "https://registry.npmjs.org/tiny-warning/-/tiny-warning-1.0.3.tgz",
      "integrity": "sha512-lBN9zLN/oAf68o3zNXYrdCt1kP8WsiGW8Oo2ka41b2IM5JL/S1CTyX1rW0mb/zSuJun0ZUrDxx4sqvYS2FWzPA=="
    },
    "node_modules/tslib": {
      "version": "2.6.2",
      "license": "0BSD"
    },
    "node_modules/typescript": {
      "version": "4.9.5",
      "resolved": "https://registry.npmjs.org/typescript/-/typescript-4.9.5.tgz",
      "integrity": "sha512-1FXk9E2Hm+QzZQ7z+McJiHL4NW1F2EzMu9Nq9i3zAaGqibafqYwCVU6WyWAuyQRRzOlxou8xZSyXLEN8oKj24g==",
      "bin": {
        "tsc": "bin/tsc",
        "tsserver": "bin/tsserver"
      },
      "engines": {
        "node": ">=4.2.0"
      }
    },
    "node_modules/undici-types": {
      "version": "5.26.5",
      "resolved": "https://registry.npmjs.org/undici-types/-/undici-types-5.26.5.tgz",
      "integrity": "sha512-JlCMO+ehdEIKqlFxk6IfVoAUVmgz7cU7zD/h9XZ0qzeosSHmUJVOzSQvvYSYWXkFXC+IfLKSIffhv0sVZup6pA==",
      "dev": true
    }
  },
  "dependencies": {
    "@apimatic/authentication-adapters": {
      "version": "0.5.1",
      "resolved": "https://registry.npmjs.org/@apimatic/authentication-adapters/-/authentication-adapters-0.5.1.tgz",
      "integrity": "sha512-UHGTQXRIBpyGVM/3JSmPceIOpDHIBnz044b2tXlDP4Sh3lMeyoMcToXT72fWg6DI9N3EG4U141o7oIu8dKe/Eg==",
      "requires": {
        "@apimatic/core-interfaces": "^0.2.0",
        "@apimatic/http-headers": "^0.3.0",
        "@apimatic/http-query": "^0.3.0",
        "tslib": "^2.1.0"
      }
    },
    "@apimatic/axios-client-adapter": {
      "version": "0.2.2",
      "resolved": "https://registry.npmjs.org/@apimatic/axios-client-adapter/-/axios-client-adapter-0.2.2.tgz",
      "integrity": "sha512-cbMd/CiIUmbtYpHjQgptptkeeWWko8MtuOI5rJfqxL/ElYI0ABSytdO5fuT4Q+hXQHQrkPRgL2z9yUMRoFEARg==",
      "requires": {
        "@apimatic/convert-to-stream": "^0.1.0",
        "@apimatic/core-interfaces": "^0.2.0",
        "@apimatic/file-wrapper": "^0.3.0",
        "@apimatic/http-headers": "^0.3.0",
        "@apimatic/http-query": "^0.3.0",
        "@apimatic/json-bigint": "^1.2.0",
        "@apimatic/schema": "^0.7.0",
        "axios": "^0.21.1",
        "detect-browser": "^5.3.0",
        "detect-node": "^2.0.4",
        "form-data": "^3.0.0",
        "lodash.flatmap": "^4.5.0",
        "tiny-warning": "^1.0.3",
        "tslib": "^2.1.0"
      }
    },
    "@apimatic/convert-to-stream": {
      "version": "0.1.0",
      "resolved": "https://registry.npmjs.org/@apimatic/convert-to-stream/-/convert-to-stream-0.1.0.tgz",
      "integrity": "sha512-yVwPBnUhFD0X+veZ9KaVXBv/9svSB41GOp51Y5W+tMM316fXFQRC8jlc3XONRabQ2QWfwCz7iLtdABL41VXRcA=="
    },
    "@apimatic/core": {
      "version": "0.10.2",
      "resolved": "https://registry.npmjs.org/@apimatic/core/-/core-0.10.2.tgz",
      "integrity": "sha512-KPoeHmFnaMJHU1itJV0PwiQnMauI9WI2tPnCyrpOucyHupirH8JqtAKcYD5AVRoL9hKSCiFwTKd9pX9glVJgKQ==",
      "requires": {
        "@apimatic/convert-to-stream": "^0.0.2",
        "@apimatic/core-interfaces": "^0.2.0",
        "@apimatic/file-wrapper": "^0.3.0",
        "@apimatic/http-headers": "^0.3.0",
        "@apimatic/http-query": "^0.3.0",
        "@apimatic/json-bigint": "^1.2.0",
        "@apimatic/schema": "^0.7.0",
        "axios": "^0.21.1",
        "detect-browser": "^5.3.0",
        "detect-node": "^2.0.4",
        "form-data": "^3.0.0",
        "json-ptr": "^3.1.0",
        "lodash.flatmap": "^4.5.0",
        "tiny-warning": "^1.0.3",
        "tslib": "^2.1.0"
      },
      "dependencies": {
        "@apimatic/convert-to-stream": {
          "version": "0.0.2",
          "resolved": "https://registry.npmjs.org/@apimatic/convert-to-stream/-/convert-to-stream-0.0.2.tgz",
          "integrity": "sha512-1DRg17ItExfMYsXwjt6WIjJSCgV5RGg3fHPLgYD44/YmiU+7suWj7YfPKKUqmNcnJ/AvMh4lG1+tHrfOT01zXw=="
        }
      }
    },
    "@apimatic/core-interfaces": {
      "version": "0.2.2",
      "resolved": "https://registry.npmjs.org/@apimatic/core-interfaces/-/core-interfaces-0.2.2.tgz",
      "integrity": "sha512-SFy74jNUfYFk47UyO4gZOB5IT+xxn8m2sMo99461d7i6OTIeYxD5uI2X2LNB97CqhKu+xCku9FgBMGgKDI9wNQ==",
      "requires": {
        "@apimatic/file-wrapper": "^0.3.0",
        "tslib": "^2.1.0"
      }
    },
    "@apimatic/file-wrapper": {
      "version": "0.3.1",
      "resolved": "https://registry.npmjs.org/@apimatic/file-wrapper/-/file-wrapper-0.3.1.tgz",
      "integrity": "sha512-RUJe0fNO/b7vgH0jFjMgyRqBILNQ4kYZcZz8cxd3DODjKBT0R+jS6IU1KIDOTj2lJFdvPmIuPUOJbilKI2eAmA==",
      "requires": {
        "tslib": "^2.1.0"
      }
    },
    "@apimatic/http-headers": {
      "version": "0.3.1",
      "resolved": "https://registry.npmjs.org/@apimatic/http-headers/-/http-headers-0.3.1.tgz",
      "integrity": "sha512-q5cmRHbSnweet2FFW4NSTZaVPdmVZLJJTUFdMs3dJON+tw2WcH2bNprORi26DrYBE0Dz/4u1Fip5uqRvBYNULA==",
      "requires": {
        "tslib": "^2.1.0"
      }
    },
    "@apimatic/http-query": {
      "version": "0.3.1",
      "resolved": "https://registry.npmjs.org/@apimatic/http-query/-/http-query-0.3.1.tgz",
      "integrity": "sha512-YC/dFTX35Q3XWuVbTgEFsQVmpVJlmSrfhI7TBuiUTSlex0uPi3cBQejnLPq0+thpCbGifaL/J+bRbngBO3Kt3Q==",
      "requires": {
        "@apimatic/file-wrapper": "^0.3.0",
        "tslib": "^2.1.0"
      }
    },
    "@apimatic/json-bigint": {
      "version": "1.2.0",
      "resolved": "https://registry.npmjs.org/@apimatic/json-bigint/-/json-bigint-1.2.0.tgz",
      "integrity": "sha512-+bmVzYMdZu0Ya5L+my4FXFUih54OvQA/qlZsFOYdOoostyUuB27UDrVWQs/WVCmS0ADdo5vTU0eeTrrBkHoySw=="
    },
    "@apimatic/schema": {
      "version": "0.7.3",
      "resolved": "https://registry.npmjs.org/@apimatic/schema/-/schema-0.7.3.tgz",
      "integrity": "sha512-4XXbKftMyhgoUu/l9kaW6c0fBVBUUkAcXDIZWrLJsgGGpfOxTZbNNJaliF5W631vFpc4w0Mg/2EE7DHQbskSSg==",
      "requires": {
        "tslib": "^2.1.0"
      }
    },
    "@next/env": {
      "version": "14.1.0",
      "resolved": "https://registry.npmjs.org/@next/env/-/env-14.1.0.tgz",
      "integrity": "sha512-Py8zIo+02ht82brwwhTg36iogzFqGLPXlRGKQw5s+qP/kMNc4MAyDeEwBKDijk6zTIbegEgu8Qy7C1LboslQAw=="
    },
    "@next/swc-darwin-arm64": {
      "version": "14.1.0",
      "resolved": "https://registry.npmjs.org/@next/swc-darwin-arm64/-/swc-darwin-arm64-14.1.0.tgz",
      "integrity": "sha512-nUDn7TOGcIeyQni6lZHfzNoo9S0euXnu0jhsbMOmMJUBfgsnESdjN97kM7cBqQxZa8L/bM9om/S5/1dzCrW6wQ==",
      "optional": true
    },
    "@next/swc-darwin-x64": {
      "version": "14.1.0",
      "resolved": "https://registry.npmjs.org/@next/swc-darwin-x64/-/swc-darwin-x64-14.1.0.tgz",
      "integrity": "sha512-1jgudN5haWxiAl3O1ljUS2GfupPmcftu2RYJqZiMJmmbBT5M1XDffjUtRUzP4W3cBHsrvkfOFdQ71hAreNQP6g==",
      "optional": true
    },
    "@next/swc-linux-arm64-gnu": {
      "version": "14.1.0",
      "resolved": "https://registry.npmjs.org/@next/swc-linux-arm64-gnu/-/swc-linux-arm64-gnu-14.1.0.tgz",
      "integrity": "sha512-RHo7Tcj+jllXUbK7xk2NyIDod3YcCPDZxj1WLIYxd709BQ7WuRYl3OWUNG+WUfqeQBds6kvZYlc42NJJTNi4tQ==",
      "optional": true
    },
    "@next/swc-linux-arm64-musl": {
      "version": "14.1.0",
      "resolved": "https://registry.npmjs.org/@next/swc-linux-arm64-musl/-/swc-linux-arm64-musl-14.1.0.tgz",
      "integrity": "sha512-v6kP8sHYxjO8RwHmWMJSq7VZP2nYCkRVQ0qolh2l6xroe9QjbgV8siTbduED4u0hlk0+tjS6/Tuy4n5XCp+l6g==",
      "optional": true
    },
    "@next/swc-linux-x64-gnu": {
      "version": "14.1.0",
      "resolved": "https://registry.npmjs.org/@next/swc-linux-x64-gnu/-/swc-linux-x64-gnu-14.1.0.tgz",
      "integrity": "sha512-zJ2pnoFYB1F4vmEVlb/eSe+VH679zT1VdXlZKX+pE66grOgjmKJHKacf82g/sWE4MQ4Rk2FMBCRnX+l6/TVYzQ==",
      "optional": true
    },
    "@next/swc-linux-x64-musl": {
      "version": "14.1.0",
      "resolved": "https://registry.npmjs.org/@next/swc-linux-x64-musl/-/swc-linux-x64-musl-14.1.0.tgz",
      "integrity": "sha512-rbaIYFt2X9YZBSbH/CwGAjbBG2/MrACCVu2X0+kSykHzHnYH5FjHxwXLkcoJ10cX0aWCEynpu+rP76x0914atg==",
      "optional": true
    },
    "@next/swc-win32-arm64-msvc": {
      "version": "14.1.0",
      "resolved": "https://registry.npmjs.org/@next/swc-win32-arm64-msvc/-/swc-win32-arm64-msvc-14.1.0.tgz",
      "integrity": "sha512-o1N5TsYc8f/HpGt39OUQpQ9AKIGApd3QLueu7hXk//2xq5Z9OxmV6sQfNp8C7qYmiOlHYODOGqNNa0e9jvchGQ==",
      "optional": true
    },
    "@next/swc-win32-ia32-msvc": {
      "version": "14.1.0",
      "resolved": "https://registry.npmjs.org/@next/swc-win32-ia32-msvc/-/swc-win32-ia32-msvc-14.1.0.tgz",
      "integrity": "sha512-XXIuB1DBRCFwNO6EEzCTMHT5pauwaSj4SWs7CYnME57eaReAKBXCnkUE80p/pAZcewm7hs+vGvNqDPacEXHVkw==",
      "optional": true
    },
    "@next/swc-win32-x64-msvc": {
      "version": "14.1.0",
      "resolved": "https://registry.npmjs.org/@next/swc-win32-x64-msvc/-/swc-win32-x64-msvc-14.1.0.tgz",
      "integrity": "sha512-9WEbVRRAqJ3YFVqEZIxUqkiO8l1nool1LmNxygr5HWF8AcSYsEpneUDhmjUVJEzO2A04+oPtZdombzzPPkTtgg==",
      "optional": true
    },
    "@square/web-payments-sdk-types": {
      "version": "1.54.0",
      "resolved": "https://registry.npmjs.org/@square/web-payments-sdk-types/-/web-payments-sdk-types-1.54.0.tgz",
      "integrity": "sha512-FIZxOzTXfejrXr1O8NQrmEsCLAsiRmQapwe1gjBISpbEQjY+/63TDI4inO1IJpOery4wRrGCZM+u30LpgEk3pg==",
      "requires": {
        "typescript": "^4.9.5"
      }
    },
    "@square/web-sdk": {
      "version": "2.0.1",
      "resolved": "https://registry.npmjs.org/@square/web-sdk/-/web-sdk-2.0.1.tgz",
      "integrity": "sha512-m+pauPLJUHO4qzBNKlHRMe+qDAhQdbEd7g/v/SW8BWZARwJC0liHB4AnVAJuM/7JMFEPiT2ZO3SRt1VQsCeoYg==",
      "requires": {
        "@square/web-payments-sdk-types": "^1.1.1"
      }
    },
    "@stitches/react": {
      "version": "1.2.8",
      "resolved": "https://registry.npmjs.org/@stitches/react/-/react-1.2.8.tgz",
      "integrity": "sha512-9g9dWI4gsSVe8bNLlb+lMkBYsnIKCZTmvqvDG+Avnn69XfmHZKiaMrx7cgTaddq7aTPPmXiTsbFcUy0xgI4+wA==",
      "requires": {}
    },
    "@swc/helpers": {
      "version": "0.5.2",
      "requires": {
        "tslib": "^2.4.0"
      }
    },
    "@types/node": {
      "version": "20.8.9",
      "resolved": "https://registry.npmjs.org/@types/node/-/node-20.8.9.tgz",
      "integrity": "sha512-UzykFsT3FhHb1h7yD4CA4YhBHq545JC0YnEz41xkipN88eKQtL6rSgocL5tbAP6Ola9Izm/Aw4Ora8He4x0BHg==",
      "dev": true,
      "requires": {
        "undici-types": "~5.26.4"
      }
    },
    "@types/prop-types": {
      "version": "15.7.9",
      "resolved": "https://registry.npmjs.org/@types/prop-types/-/prop-types-15.7.9.tgz",
      "integrity": "sha512-n1yyPsugYNSmHgxDFjicaI2+gCNjsBck8UX9kuofAKlc0h1bL+20oSF72KeNaW2DUlesbEVCFgyV2dPGTiY42g==",
      "dev": true
    },
    "@types/react": {
      "version": "18.2.33",
      "resolved": "https://registry.npmjs.org/@types/react/-/react-18.2.33.tgz",
      "integrity": "sha512-v+I7S+hu3PIBoVkKGpSYYpiBT1ijqEzWpzQD62/jm4K74hPpSP7FF9BnKG6+fg2+62weJYkkBWDJlZt5JO/9hg==",
      "dev": true,
      "requires": {
        "@types/prop-types": "*",
        "@types/scheduler": "*",
        "csstype": "^3.0.2"
      }
    },
    "@types/scheduler": {
      "version": "0.16.5",
      "resolved": "https://registry.npmjs.org/@types/scheduler/-/scheduler-0.16.5.tgz",
      "integrity": "sha512-s/FPdYRmZR8SjLWGMCuax7r3qCWQw9QKHzXVukAuuIJkXkDRwp+Pu5LMIVFi0Fxbav35WURicYr8u1QsoybnQw==",
      "dev": true
    },
    "asynckit": {
      "version": "0.4.0",
      "resolved": "https://registry.npmjs.org/asynckit/-/asynckit-0.4.0.tgz",
      "integrity": "sha512-Oei9OH4tRh0YqU3GxhX79dM/mwVgvbZJaSNaRk+bshkj0S5cfHcgYakreBjrHwatXKbz+IoIdYLxrKim2MjW0Q=="
    },
    "axios": {
      "version": "0.21.4",
      "resolved": "https://registry.npmjs.org/axios/-/axios-0.21.4.tgz",
      "integrity": "sha512-ut5vewkiu8jjGBdqpM44XxjuCjq9LAKeHVmoVfHVzy8eHgxxq8SbAVQNovDA8mVi05kP0Ea/n/UzcSHcTJQfNg==",
      "requires": {
        "follow-redirects": "^1.14.0"
      }
    },
    "busboy": {
      "version": "1.6.0",
      "requires": {
        "streamsearch": "^1.1.0"
      }
    },
    "caniuse-lite": {
      "version": "1.0.30001579",
      "resolved": "https://registry.npmjs.org/caniuse-lite/-/caniuse-lite-1.0.30001579.tgz",
      "integrity": "sha512-u5AUVkixruKHJjw/pj9wISlcMpgFWzSrczLZbrqBSxukQixmg0SJ5sZTpvaFvxU0HoQKd4yoyAogyrAz9pzJnA=="
    },
    "client-only": {
      "version": "0.0.1"
    },
    "combined-stream": {
      "version": "1.0.8",
      "resolved": "https://registry.npmjs.org/combined-stream/-/combined-stream-1.0.8.tgz",
      "integrity": "sha512-FQN4MRfuJeHf7cBbBMJFXhKSDq+2kAArBlmRBvcvFE5BB1HZKXtSFASDhdlz9zOYwxh8lDdnvmMOe/+5cdoEdg==",
      "requires": {
        "delayed-stream": "~1.0.0"
      }
    },
    "csstype": {
      "version": "3.1.2",
      "resolved": "https://registry.npmjs.org/csstype/-/csstype-3.1.2.tgz",
      "integrity": "sha512-I7K1Uu0MBPzaFKg4nI5Q7Vs2t+3gWWW648spaF+Rg7pI9ds18Ugn+lvg4SHczUdKlHI5LWBXyqfS8+DufyBsgQ==",
      "dev": true
    },
    "delayed-stream": {
      "version": "1.0.0",
      "resolved": "https://registry.npmjs.org/delayed-stream/-/delayed-stream-1.0.0.tgz",
      "integrity": "sha512-ZySD7Nf91aLB0RxL4KGrKHBXl7Eds1DAmEdcoVawXnLD7SDhpNgtuII2aAkg7a7QS41jxPSZ17p4VdGnMHk3MQ=="
    },
    "detect-browser": {
      "version": "5.3.0",
      "resolved": "https://registry.npmjs.org/detect-browser/-/detect-browser-5.3.0.tgz",
      "integrity": "sha512-53rsFbGdwMwlF7qvCt0ypLM5V5/Mbl0szB7GPN8y9NCcbknYOeVVXdrXEq+90IwAfrrzt6Hd+u2E2ntakICU8w=="
    },
    "detect-node": {
      "version": "2.1.0",
      "resolved": "https://registry.npmjs.org/detect-node/-/detect-node-2.1.0.tgz",
      "integrity": "sha512-T0NIuQpnTvFDATNuHN5roPwSBG83rFsuO+MXXH9/3N1eFbn4wcPjttvjMLEPWJ0RGUYgQE7cGgS3tNxbqCGM7g=="
    },
    "follow-redirects": {
      "version": "1.15.3",
      "resolved": "https://registry.npmjs.org/follow-redirects/-/follow-redirects-1.15.3.tgz",
      "integrity": "sha512-1VzOtuEM8pC9SFU1E+8KfTjZyMztRsgEfwQl44z8A25uy13jSzTj6dyK2Df52iV0vgHCfBwLhDWevLn95w5v6Q=="
    },
    "form-data": {
      "version": "3.0.1",
      "resolved": "https://registry.npmjs.org/form-data/-/form-data-3.0.1.tgz",
      "integrity": "sha512-RHkBKtLWUVwd7SqRIvCZMEvAMoGUp0XU+seQiZejj0COz3RI3hWP4sCv3gZWWLjJTd7rGwcsF5eKZGii0r/hbg==",
      "requires": {
        "asynckit": "^0.4.0",
        "combined-stream": "^1.0.8",
        "mime-types": "^2.1.12"
      }
    },
    "graceful-fs": {
      "version": "4.2.11",
      "resolved": "https://registry.npmjs.org/graceful-fs/-/graceful-fs-4.2.11.tgz",
      "integrity": "sha512-RbJ5/jmFcNNCcDV5o9eTnBLJ/HszWV0P73bc+Ff4nS/rJj+YaS6IGyiOL0VoBYX+l1Wrl3k63h/KrH+nhJ0XvQ=="
    },
    "js-tokens": {
      "version": "4.0.0"
    },
    "json-ptr": {
      "version": "3.1.1",
      "resolved": "https://registry.npmjs.org/json-ptr/-/json-ptr-3.1.1.tgz",
      "integrity": "sha512-SiSJQ805W1sDUCD1+/t1/1BIrveq2Fe9HJqENxZmMCILmrPI7WhS/pePpIOx85v6/H2z1Vy7AI08GV2TzfXocg=="
    },
    "lodash.flatmap": {
      "version": "4.5.0",
      "resolved": "https://registry.npmjs.org/lodash.flatmap/-/lodash.flatmap-4.5.0.tgz",
      "integrity": "sha512-/OcpcAGWlrZyoHGeHh3cAoa6nGdX6QYtmzNP84Jqol6UEQQ2gIaU3H+0eICcjcKGl0/XF8LWOujNn9lffsnaOg=="
    },
    "loose-envify": {
      "version": "1.4.0",
      "requires": {
        "js-tokens": "^3.0.0 || ^4.0.0"
      }
    },
    "mime-db": {
      "version": "1.52.0",
      "resolved": "https://registry.npmjs.org/mime-db/-/mime-db-1.52.0.tgz",
      "integrity": "sha512-sPU4uV7dYlvtWJxwwxHD0PuihVNiE7TyAbQ5SWxDCB9mUYvOgroQOwYQQOKPJ8CIbE+1ETVlOoK1UC2nU3gYvg=="
    },
    "mime-types": {
      "version": "2.1.35",
      "resolved": "https://registry.npmjs.org/mime-types/-/mime-types-2.1.35.tgz",
      "integrity": "sha512-ZDY+bPm5zTTF+YpCrAU9nK0UgICYPT0QtT1NZWFv4s++TNkcgVaT0g6+4R2uI4MjQjzysHB1zxuWL50hzaeXiw==",
      "requires": {
        "mime-db": "1.52.0"
      }
    },
    "nanoid": {
      "version": "3.3.7",
      "resolved": "https://registry.npmjs.org/nanoid/-/nanoid-3.3.7.tgz",
      "integrity": "sha512-eSRppjcPIatRIMC1U6UngP8XFcz8MQWGQdt1MTBQ7NaAmvXDfvNxbvWV3x2y6CdEUciCSsDHDQZbhYaB8QEo2g=="
    },
    "next": {
      "version": "14.1.0",
      "resolved": "https://registry.npmjs.org/next/-/next-14.1.0.tgz",
      "integrity": "sha512-wlzrsbfeSU48YQBjZhDzOwhWhGsy+uQycR8bHAOt1LY1bn3zZEcDyHQOEoN3aWzQ8LHCAJ1nqrWCc9XF2+O45Q==",
      "requires": {
        "@next/env": "14.1.0",
        "@next/swc-darwin-arm64": "14.1.0",
        "@next/swc-darwin-x64": "14.1.0",
        "@next/swc-linux-arm64-gnu": "14.1.0",
        "@next/swc-linux-arm64-musl": "14.1.0",
        "@next/swc-linux-x64-gnu": "14.1.0",
        "@next/swc-linux-x64-musl": "14.1.0",
        "@next/swc-win32-arm64-msvc": "14.1.0",
        "@next/swc-win32-ia32-msvc": "14.1.0",
        "@next/swc-win32-x64-msvc": "14.1.0",
        "@swc/helpers": "0.5.2",
        "busboy": "1.6.0",
        "caniuse-lite": "^1.0.30001579",
        "graceful-fs": "^4.2.11",
        "postcss": "8.4.31",
        "styled-jsx": "5.1.1"
      }
    },
    "picocolors": {
      "version": "1.0.0",
      "resolved": "https://registry.npmjs.org/picocolors/-/picocolors-1.0.0.tgz",
      "integrity": "sha512-1fygroTLlHu66zi26VoTDv8yRgm0Fccecssto+MhsZ0D/DGW2sm8E8AjW7NU5VVTRt5GxbeZ5qBuJr+HyLYkjQ=="
    },
    "postcss": {
      "version": "8.4.31",
      "resolved": "https://registry.npmjs.org/postcss/-/postcss-8.4.31.tgz",
      "integrity": "sha512-PS08Iboia9mts/2ygV3eLpY5ghnUcfLV/EXTOW1E2qYxJKGGBUtNjN76FYHnMs36RmARn41bC0AZmn+rR0OVpQ==",
      "requires": {
        "nanoid": "^3.3.6",
        "picocolors": "^1.0.0",
        "source-map-js": "^1.0.2"
      }
    },
    "react": {
      "version": "18.2.0",
      "resolved": "https://registry.npmjs.org/react/-/react-18.2.0.tgz",
      "integrity": "sha512-/3IjMdb2L9QbBdWiW5e3P2/npwMBaU9mHCSCUzNln0ZCYbcfTsGbTJrU/kGemdH2IWmB2ioZ+zkxtmq6g09fGQ==",
      "requires": {
        "loose-envify": "^1.1.0"
      }
    },
    "react-dom": {
      "version": "18.2.0",
      "resolved": "https://registry.npmjs.org/react-dom/-/react-dom-18.2.0.tgz",
      "integrity": "sha512-6IMTriUmvsjHUjNtEDudZfuDQUoWXVxKHhlEGSk81n4YFS+r/Kl99wXiwlVXtPBtJenozv2P+hxDsw9eA7Xo6g==",
      "requires": {
        "loose-envify": "^1.1.0",
        "scheduler": "^0.23.0"
      }
    },
    "react-square-web-payments-sdk": {
      "version": "3.2.1",
      "resolved": "https://registry.npmjs.org/react-square-web-payments-sdk/-/react-square-web-payments-sdk-3.2.1.tgz",
      "integrity": "sha512-XhW4snpCfUNaVqS652dDWSWJd+r9OftkqmvP9hix5ISEV8Foo9QrGDe33t1w+uMIl9ox1EWlexGb0yDe8ZYamQ==",
      "requires": {
        "@square/web-sdk": "^2.0.0",
        "@stitches/react": "^1.2.8"
      }
    },
    "scheduler": {
      "version": "0.23.0",
      "requires": {
        "loose-envify": "^1.1.0"
      }
    },
    "source-map-js": {
      "version": "1.0.2",
      "resolved": "https://registry.npmjs.org/source-map-js/-/source-map-js-1.0.2.tgz",
      "integrity": "sha512-R0XvVJ9WusLiqTCEiGCmICCMplcCkIwwR11mOSD9CR5u+IXYdiseeEuXCVAjS54zqwkLcPNnmU4OeJ6tUrWhDw=="
    },
    "square": {
      "version": "32.0.0",
      "resolved": "https://registry.npmjs.org/square/-/square-32.0.0.tgz",
      "integrity": "sha512-5s2BFQiIVqjRHzUmznVp9/dssJcazyrxSFpX3HnDZTLQiB3jaTIustpoPsMuOm38Wg2dNuisfkeOuc8xYj/Wzw==",
      "requires": {
        "@apimatic/authentication-adapters": "^0.5.0",
        "@apimatic/axios-client-adapter": "^0.2.0",
        "@apimatic/core": "^0.10.0",
        "@apimatic/json-bigint": "^1.2.0",
        "@apimatic/schema": "^0.7.0",
        "@types/node": "^14.14.30"
      },
      "dependencies": {
        "@types/node": {
          "version": "14.18.63",
          "resolved": "https://registry.npmjs.org/@types/node/-/node-14.18.63.tgz",
          "integrity": "sha512-fAtCfv4jJg+ExtXhvCkCqUKZ+4ok/JQk01qDKhL5BDDoS3AxKXhV5/MAVUZyQnSEd2GT92fkgZl0pz0Q0AzcIQ=="
        }
      }
    },
    "streamsearch": {
      "version": "1.1.0"
    },
    "styled-jsx": {
      "version": "5.1.1",
      "requires": {
        "client-only": "0.0.1"
      }
    },
    "tiny-warning": {
      "version": "1.0.3",
      "resolved": "https://registry.npmjs.org/tiny-warning/-/tiny-warning-1.0.3.tgz",
      "integrity": "sha512-lBN9zLN/oAf68o3zNXYrdCt1kP8WsiGW8Oo2ka41b2IM5JL/S1CTyX1rW0mb/zSuJun0ZUrDxx4sqvYS2FWzPA=="
    },
    "tslib": {
      "version": "2.6.2"
    },
    "typescript": {
      "version": "4.9.5",
      "resolved": "https://registry.npmjs.org/typescript/-/typescript-4.9.5.tgz",
      "integrity": "sha512-1FXk9E2Hm+QzZQ7z+McJiHL4NW1F2EzMu9Nq9i3zAaGqibafqYwCVU6WyWAuyQRRzOlxou8xZSyXLEN8oKj24g=="
    },
    "undici-types": {
      "version": "5.26.5",
      "resolved": "https://registry.npmjs.org/undici-types/-/undici-types-5.26.5.tgz",
      "integrity": "sha512-JlCMO+ehdEIKqlFxk6IfVoAUVmgz7cU7zD/h9XZ0qzeosSHmUJVOzSQvvYSYWXkFXC+IfLKSIffhv0sVZup6pA==",
      "dev": true
    }
  }
}
